
Microsoft Visual Studio Solution File, Format Version 11.00
# Visual Studio 2010
Project("{FAE04EC0-301F-11D3-BF4B-00C04F79EFBC}") = "Assembly-CSharp-firstpass", "Assembly-CSharp-firstpass.csproj", "{754D1891-FC36-D101-A821-A2F57C73BE18}"
EndProject
Project("{FAE04EC0-301F-11D3-BF4B-00C04F79EFBC}") = "Assembly-CSharp", "Assembly-CSharp.csproj", "{04F91DF8-81B7-AAC2-90FE-EABBB15E05EA}"
EndProject
Project("{FAE04EC0-301F-11D3-BF4B-00C04F79EFBC}") = "Assembly-CSharp-Editor-firstpass", "Assembly-CSharp-Editor-firstpass.csproj", "{C3EA0DD7-4D4A-905D-1EF7-915448BF9FAC}"
EndProject
Project("{FAE04EC0-301F-11D3-BF4B-00C04F79EFBC}") = "Assembly-CSharp-Editor", "Assembly-CSharp-Editor.csproj", "{85496225-2A40-6781-B283-1C138E7C23A9}"
EndProject
Global
	GlobalSection(SolutionConfigurationPlatforms) = preSolution
		Debug|Any CPU = Debug|Any CPU
		Release|Any CPU = Release|Any CPU
	EndGlobalSection
	GlobalSection(ProjectConfigurationPlatforms) = postSolution
		{754D1891-FC36-D101-A821-A2F57C73BE18}.Debug|Any CPU.ActiveCfg = Debug|Any CPU
		{754D1891-FC36-D101-A821-A2F57C73BE18}.Debug|Any CPU.Build.0 = Debug|Any CPU
		{754D1891-FC36-D101-A821-A2F57C73BE18}.Release|Any CPU.ActiveCfg = Release|Any CPU
		{754D1891-FC36-D101-A821-A2F57C73BE18}.Release|Any CPU.Build.0 = Release|Any CPU
		{04F91DF8-81B7-AAC2-90FE-EABBB15E05EA}.Debug|Any CPU.ActiveCfg = Debug|Any CPU
		{04F91DF8-81B7-AAC2-90FE-EABBB15E05EA}.Debug|Any CPU.Build.0 = Debug|Any CPU
		{04F91DF8-81B7-AAC2-90FE-EABBB15E05EA}.Release|Any CPU.ActiveCfg = Release|Any CPU
		{04F91DF8-81B7-AAC2-90FE-EABBB15E05EA}.Release|Any CPU.Build.0 = Release|Any CPU
		{C3EA0DD7-4D4A-905D-1EF7-915448BF9FAC}.Debug|Any CPU.ActiveCfg = Debug|Any CPU
		{C3EA0DD7-4D4A-905D-1EF7-915448BF9FAC}.Debug|Any CPU.Build.0 = Debug|Any CPU
		{C3EA0DD7-4D4A-905D-1EF7-915448BF9FAC}.Release|Any CPU.ActiveCfg = Release|Any CPU
		{C3EA0DD7-4D4A-905D-1EF7-915448BF9FAC}.Release|Any CPU.Build.0 = Release|Any CPU
		{85496225-2A40-6781-B283-1C138E7C23A9}.Debug|Any CPU.ActiveCfg = Debug|Any CPU
		{85496225-2A40-6781-B283-1C138E7C23A9}.Debug|Any CPU.Build.0 = Debug|Any CPU
		{85496225-2A40-6781-B283-1C138E7C23A9}.Release|Any CPU.ActiveCfg = Release|Any CPU
		{85496225-2A40-6781-B283-1C138E7C23A9}.Release|Any CPU.Build.0 = Release|Any CPU
	EndGlobalSection
	GlobalSection(SolutionProperties) = preSolution
		HideSolutionNode = FALSE
	EndGlobalSection
	GlobalSection(MonoDevelopProperties) = preSolution
		StartupItem = Assembly-CSharp.csproj
	EndGlobalSection
EndGlobal
